
Microsoft Visual Studio Solution File, Format Version 12.00
# Visual Studio 2013
VisualStudioVersion = 12.0.21005.1
MinimumVisualStudioVersion = 10.0.40219.1
Project("{FAE04EC0-301F-11D3-BF4B-00C04F79EFBC}") = "WASAPI_Project", "WASAPI_Project\WASAPI_Project.csproj", "{B17FF858-6702-4F78-96E4-82CA7C20BF3D}"
EndProject
Project("{8BC9CEB8-8B4A-11D0-8D11-00A0C91BC942}") = "WASAPI_Cpp", "WASAPI_Cpp\WASAPI_Cpp.vcxproj", "{146C3C10-67F4-4E72-8FE4-25186EB46524}"
EndProject
Global
	GlobalSection(SolutionConfigurationPlatforms) = preSolution
		Debug|Any CPU = Debug|Any CPU
		Debug|ARM = Debug|ARM
		Debug|Mixed Platforms = Debug|Mixed Platforms
		Debug|Win32 = Debug|Win32
		Debug|x86 = Debug|x86
		Release|Any CPU = Release|Any CPU
		Release|ARM = Release|ARM
		Release|Mixed Platforms = Release|Mixed Platforms
		Release|Win32 = Release|Win32
		Release|x86 = Release|x86
	EndGlobalSection
	GlobalSection(ProjectConfigurationPlatforms) = postSolution
		{B17FF858-6702-4F78-96E4-82CA7C20BF3D}.Debug|Any CPU.ActiveCfg = Debug|Any CPU
		{B17FF858-6702-4F78-96E4-82CA7C20BF3D}.Debug|Any CPU.Build.0 = Debug|Any CPU
		{B17FF858-6702-4F78-96E4-82CA7C20BF3D}.Debug|Any CPU.Deploy.0 = Debug|Any CPU
		{B17FF858-6702-4F78-96E4-82CA7C20BF3D}.Debug|ARM.ActiveCfg = Debug|ARM
		{B17FF858-6702-4F78-96E4-82CA7C20BF3D}.Debug|ARM.Build.0 = Debug|ARM
		{B17FF858-6702-4F78-96E4-82CA7C20BF3D}.Debug|ARM.Deploy.0 = Debug|ARM
		{B17FF858-6702-4F78-96E4-82CA7C20BF3D}.Debug|Mixed Platforms.ActiveCfg = Debug|x86
		{B17FF858-6702-4F78-96E4-82CA7C20BF3D}.Debug|Mixed Platforms.Build.0 = Debug|x86
		{B17FF858-6702-4F78-96E4-82CA7C20BF3D}.Debug|Mixed Platforms.Deploy.0 = Debug|x86
		{B17FF858-6702-4F78-96E4-82CA7C20BF3D}.Debug|Win32.ActiveCfg = Debug|x86
		{B17FF858-6702-4F78-96E4-82CA7C20BF3D}.Debug|Win32.Build.0 = Debug|x86
		{B17FF858-6702-4F78-96E4-82CA7C20BF3D}.Debug|Win32.Deploy.0 = Debug|x86
		{B17FF858-6702-4F78-96E4-82CA7C20BF3D}.Debug|x86.ActiveCfg = Debug|x86
		{B17FF858-6702-4F78-96E4-82CA7C20BF3D}.Debug|x86.Build.0 = Debug|x86
		{B17FF858-6702-4F78-96E4-82CA7C20BF3D}.Debug|x86.Deploy.0 = Debug|x86
		{B17FF858-6702-4F78-96E4-82CA7C20BF3D}.Release|Any CPU.ActiveCfg = Release|Any CPU
		{B17FF858-6702-4F78-96E4-82CA7C20BF3D}.Release|Any CPU.Build.0 = Release|Any CPU
		{B17FF858-6702-4F78-96E4-82CA7C20BF3D}.Release|Any CPU.Deploy.0 = Release|Any CPU
		{B17FF858-6702-4F78-96E4-82CA7C20BF3D}.Release|ARM.ActiveCfg = Release|ARM
		{B17FF858-6702-4F78-96E4-82CA7C20BF3D}.Release|ARM.Build.0 = Release|ARM
		{B17FF858-6702-4F78-96E4-82CA7C20BF3D}.Release|ARM.Deploy.0 = Release|ARM
		{B17FF858-6702-4F78-96E4-82CA7C20BF3D}.Release|Mixed Platforms.ActiveCfg = Release|x86
		{B17FF858-6702-4F78-96E4-82CA7C20BF3D}.Release|Mixed Platforms.Build.0 = Release|x86
		{B17FF858-6702-4F78-96E4-82CA7C20BF3D}.Release|Mixed Platforms.Deploy.0 = Release|x86
		{B17FF858-6702-4F78-96E4-82CA7C20BF3D}.Release|Win32.ActiveCfg = Release|x86
		{B17FF858-6702-4F78-96E4-82CA7C20BF3D}.Release|Win32.Build.0 = Release|x86
		{B17FF858-6702-4F78-96E4-82CA7C20BF3D}.Release|Win32.Deploy.0 = Release|x86
		{B17FF858-6702-4F78-96E4-82CA7C20BF3D}.Release|x86.ActiveCfg = Release|x86
		{B17FF858-6702-4F78-96E4-82CA7C20BF3D}.Release|x86.Build.0 = Release|x86
		{B17FF858-6702-4F78-96E4-82CA7C20BF3D}.Release|x86.Deploy.0 = Release|x86
		{146C3C10-67F4-4E72-8FE4-25186EB46524}.Debug|Any CPU.ActiveCfg = Debug|Win32
		{146C3C10-67F4-4E72-8FE4-25186EB46524}.Debug|ARM.ActiveCfg = Debug|ARM
		{146C3C10-67F4-4E72-8FE4-25186EB46524}.Debug|ARM.Build.0 = Debug|ARM
		{146C3C10-67F4-4E72-8FE4-25186EB46524}.Debug|Mixed Platforms.ActiveCfg = Debug|Win32
		{146C3C10-67F4-4E72-8FE4-25186EB46524}.Debug|Mixed Platforms.Build.0 = Debug|Win32
		{146C3C10-67F4-4E72-8FE4-25186EB46524}.Debug|Win32.ActiveCfg = Debug|Win32
		{146C3C10-67F4-4E72-8FE4-25186EB46524}.Debug|Win32.Build.0 = Debug|Win32
		{146C3C10-67F4-4E72-8FE4-25186EB46524}.Debug|x86.ActiveCfg = Debug|Win32
		{146C3C10-67F4-4E72-8FE4-25186EB46524}.Debug|x86.Build.0 = Debug|Win32
		{146C3C10-67F4-4E72-8FE4-25186EB46524}.Release|Any CPU.ActiveCfg = Release|Win32
		{146C3C10-67F4-4E72-8FE4-25186EB46524}.Release|ARM.ActiveCfg = Release|ARM
		{146C3C10-67F4-4E72-8FE4-25186EB46524}.Release|ARM.Build.0 = Release|ARM
		{146C3C10-67F4-4E72-8FE4-25186EB46524}.Release|Mixed Platforms.ActiveCfg = Release|Win32
		{146C3C10-67F4-4E72-8FE4-25186EB46524}.Release|Mixed Platforms.Build.0 = Release|Win32
		{146C3C10-67F4-4E72-8FE4-25186EB46524}.Release|Win32.ActiveCfg = Release|Win32
		{146C3C10-67F4-4E72-8FE4-25186EB46524}.Release|Win32.Build.0 = Release|Win32
		{146C3C10-67F4-4E72-8FE4-25186EB46524}.Release|x86.ActiveCfg = Release|Win32
		{146C3C10-67F4-4E72-8FE4-25186EB46524}.Release|x86.Build.0 = Release|Win32
	EndGlobalSection
	GlobalSection(SolutionProperties) = preSolution
		HideSolutionNode = FALSE
	EndGlobalSection
EndGlobal
