
Microsoft Visual Studio Solution File, Format Version 12.00
# Visual Studio Express 2012 for Windows Phone
Project("{FAE04EC0-301F-11D3-BF4B-00C04F79EFBC}") = "EventTest", "EventTest\EventTest.csproj", "{2BD16EEB-633B-453E-8273-E5BE7708F25E}"
EndProject
Project("{8BC9CEB8-8B4A-11D0-8D11-00A0C91BC942}") = "CppEvents", "CppEvents\CppEvents.vcxproj", "{EDBF78A9-4EE1-4E25-AA42-6F7ECC8B6D8B}"
EndProject
Global
	GlobalSection(SolutionConfigurationPlatforms) = preSolution
		Debug|Any CPU = Debug|Any CPU
		Debug|ARM = Debug|ARM
		Debug|Mixed Platforms = Debug|Mixed Platforms
		Debug|Win32 = Debug|Win32
		Debug|x86 = Debug|x86
		Release|Any CPU = Release|Any CPU
		Release|ARM = Release|ARM
		Release|Mixed Platforms = Release|Mixed Platforms
		Release|Win32 = Release|Win32
		Release|x86 = Release|x86
	EndGlobalSection
	GlobalSection(ProjectConfigurationPlatforms) = postSolution
		{2BD16EEB-633B-453E-8273-E5BE7708F25E}.Debug|Any CPU.ActiveCfg = Debug|Any CPU
		{2BD16EEB-633B-453E-8273-E5BE7708F25E}.Debug|Any CPU.Build.0 = Debug|Any CPU
		{2BD16EEB-633B-453E-8273-E5BE7708F25E}.Debug|Any CPU.Deploy.0 = Debug|Any CPU
		{2BD16EEB-633B-453E-8273-E5BE7708F25E}.Debug|ARM.ActiveCfg = Debug|ARM
		{2BD16EEB-633B-453E-8273-E5BE7708F25E}.Debug|ARM.Build.0 = Debug|ARM
		{2BD16EEB-633B-453E-8273-E5BE7708F25E}.Debug|ARM.Deploy.0 = Debug|ARM
		{2BD16EEB-633B-453E-8273-E5BE7708F25E}.Debug|Mixed Platforms.ActiveCfg = Debug|x86
		{2BD16EEB-633B-453E-8273-E5BE7708F25E}.Debug|Mixed Platforms.Build.0 = Debug|x86
		{2BD16EEB-633B-453E-8273-E5BE7708F25E}.Debug|Mixed Platforms.Deploy.0 = Debug|x86
		{2BD16EEB-633B-453E-8273-E5BE7708F25E}.Debug|Win32.ActiveCfg = Debug|x86
		{2BD16EEB-633B-453E-8273-E5BE7708F25E}.Debug|Win32.Build.0 = Debug|x86
		{2BD16EEB-633B-453E-8273-E5BE7708F25E}.Debug|Win32.Deploy.0 = Debug|x86
		{2BD16EEB-633B-453E-8273-E5BE7708F25E}.Debug|x86.ActiveCfg = Debug|x86
		{2BD16EEB-633B-453E-8273-E5BE7708F25E}.Debug|x86.Build.0 = Debug|x86
		{2BD16EEB-633B-453E-8273-E5BE7708F25E}.Debug|x86.Deploy.0 = Debug|x86
		{2BD16EEB-633B-453E-8273-E5BE7708F25E}.Release|Any CPU.ActiveCfg = Release|Any CPU
		{2BD16EEB-633B-453E-8273-E5BE7708F25E}.Release|Any CPU.Build.0 = Release|Any CPU
		{2BD16EEB-633B-453E-8273-E5BE7708F25E}.Release|Any CPU.Deploy.0 = Release|Any CPU
		{2BD16EEB-633B-453E-8273-E5BE7708F25E}.Release|ARM.ActiveCfg = Release|ARM
		{2BD16EEB-633B-453E-8273-E5BE7708F25E}.Release|ARM.Build.0 = Release|ARM
		{2BD16EEB-633B-453E-8273-E5BE7708F25E}.Release|ARM.Deploy.0 = Release|ARM
		{2BD16EEB-633B-453E-8273-E5BE7708F25E}.Release|Mixed Platforms.ActiveCfg = Release|x86
		{2BD16EEB-633B-453E-8273-E5BE7708F25E}.Release|Mixed Platforms.Build.0 = Release|x86
		{2BD16EEB-633B-453E-8273-E5BE7708F25E}.Release|Mixed Platforms.Deploy.0 = Release|x86
		{2BD16EEB-633B-453E-8273-E5BE7708F25E}.Release|Win32.ActiveCfg = Release|x86
		{2BD16EEB-633B-453E-8273-E5BE7708F25E}.Release|Win32.Build.0 = Release|x86
		{2BD16EEB-633B-453E-8273-E5BE7708F25E}.Release|Win32.Deploy.0 = Release|x86
		{2BD16EEB-633B-453E-8273-E5BE7708F25E}.Release|x86.ActiveCfg = Release|x86
		{2BD16EEB-633B-453E-8273-E5BE7708F25E}.Release|x86.Build.0 = Release|x86
		{2BD16EEB-633B-453E-8273-E5BE7708F25E}.Release|x86.Deploy.0 = Release|x86
		{EDBF78A9-4EE1-4E25-AA42-6F7ECC8B6D8B}.Debug|Any CPU.ActiveCfg = Debug|Win32
		{EDBF78A9-4EE1-4E25-AA42-6F7ECC8B6D8B}.Debug|ARM.ActiveCfg = Debug|ARM
		{EDBF78A9-4EE1-4E25-AA42-6F7ECC8B6D8B}.Debug|ARM.Build.0 = Debug|ARM
		{EDBF78A9-4EE1-4E25-AA42-6F7ECC8B6D8B}.Debug|Mixed Platforms.ActiveCfg = Debug|Win32
		{EDBF78A9-4EE1-4E25-AA42-6F7ECC8B6D8B}.Debug|Mixed Platforms.Build.0 = Debug|Win32
		{EDBF78A9-4EE1-4E25-AA42-6F7ECC8B6D8B}.Debug|Win32.ActiveCfg = Debug|Win32
		{EDBF78A9-4EE1-4E25-AA42-6F7ECC8B6D8B}.Debug|Win32.Build.0 = Debug|Win32
		{EDBF78A9-4EE1-4E25-AA42-6F7ECC8B6D8B}.Debug|x86.ActiveCfg = Debug|Win32
		{EDBF78A9-4EE1-4E25-AA42-6F7ECC8B6D8B}.Debug|x86.Build.0 = Debug|Win32
		{EDBF78A9-4EE1-4E25-AA42-6F7ECC8B6D8B}.Release|Any CPU.ActiveCfg = Release|Win32
		{EDBF78A9-4EE1-4E25-AA42-6F7ECC8B6D8B}.Release|ARM.ActiveCfg = Release|ARM
		{EDBF78A9-4EE1-4E25-AA42-6F7ECC8B6D8B}.Release|ARM.Build.0 = Release|ARM
		{EDBF78A9-4EE1-4E25-AA42-6F7ECC8B6D8B}.Release|Mixed Platforms.ActiveCfg = Release|Win32
		{EDBF78A9-4EE1-4E25-AA42-6F7ECC8B6D8B}.Release|Mixed Platforms.Build.0 = Release|Win32
		{EDBF78A9-4EE1-4E25-AA42-6F7ECC8B6D8B}.Release|Win32.ActiveCfg = Release|Win32
		{EDBF78A9-4EE1-4E25-AA42-6F7ECC8B6D8B}.Release|Win32.Build.0 = Release|Win32
		{EDBF78A9-4EE1-4E25-AA42-6F7ECC8B6D8B}.Release|x86.ActiveCfg = Release|Win32
		{EDBF78A9-4EE1-4E25-AA42-6F7ECC8B6D8B}.Release|x86.Build.0 = Release|Win32
	EndGlobalSection
	GlobalSection(SolutionProperties) = preSolution
		HideSolutionNode = FALSE
	EndGlobalSection
EndGlobal
