
Microsoft Visual Studio Solution File, Format Version 12.00
# Visual Studio Express 2012 for Windows Phone
Project("{FAE04EC0-301F-11D3-BF4B-00C04F79EFBC}") = "Lambdas", "Lambdas\Lambdas.csproj", "{C360BF1F-B2A2-4E01-9290-F292DFE0BBAF}"
EndProject
Project("{8BC9CEB8-8B4A-11D0-8D11-00A0C91BC942}") = "CppTimer", "CppTimer\CppTimer.vcxproj", "{88769E83-3371-41DA-B3A9-696BDF6DF2CB}"
EndProject
Global
	GlobalSection(SolutionConfigurationPlatforms) = preSolution
		Debug|Any CPU = Debug|Any CPU
		Debug|ARM = Debug|ARM
		Debug|Mixed Platforms = Debug|Mixed Platforms
		Debug|Win32 = Debug|Win32
		Debug|x86 = Debug|x86
		Release|Any CPU = Release|Any CPU
		Release|ARM = Release|ARM
		Release|Mixed Platforms = Release|Mixed Platforms
		Release|Win32 = Release|Win32
		Release|x86 = Release|x86
	EndGlobalSection
	GlobalSection(ProjectConfigurationPlatforms) = postSolution
		{C360BF1F-B2A2-4E01-9290-F292DFE0BBAF}.Debug|Any CPU.ActiveCfg = Debug|Any CPU
		{C360BF1F-B2A2-4E01-9290-F292DFE0BBAF}.Debug|Any CPU.Build.0 = Debug|Any CPU
		{C360BF1F-B2A2-4E01-9290-F292DFE0BBAF}.Debug|Any CPU.Deploy.0 = Debug|Any CPU
		{C360BF1F-B2A2-4E01-9290-F292DFE0BBAF}.Debug|ARM.ActiveCfg = Debug|ARM
		{C360BF1F-B2A2-4E01-9290-F292DFE0BBAF}.Debug|ARM.Build.0 = Debug|ARM
		{C360BF1F-B2A2-4E01-9290-F292DFE0BBAF}.Debug|ARM.Deploy.0 = Debug|ARM
		{C360BF1F-B2A2-4E01-9290-F292DFE0BBAF}.Debug|Mixed Platforms.ActiveCfg = Debug|x86
		{C360BF1F-B2A2-4E01-9290-F292DFE0BBAF}.Debug|Mixed Platforms.Build.0 = Debug|x86
		{C360BF1F-B2A2-4E01-9290-F292DFE0BBAF}.Debug|Mixed Platforms.Deploy.0 = Debug|x86
		{C360BF1F-B2A2-4E01-9290-F292DFE0BBAF}.Debug|Win32.ActiveCfg = Debug|x86
		{C360BF1F-B2A2-4E01-9290-F292DFE0BBAF}.Debug|Win32.Build.0 = Debug|x86
		{C360BF1F-B2A2-4E01-9290-F292DFE0BBAF}.Debug|Win32.Deploy.0 = Debug|x86
		{C360BF1F-B2A2-4E01-9290-F292DFE0BBAF}.Debug|x86.ActiveCfg = Debug|x86
		{C360BF1F-B2A2-4E01-9290-F292DFE0BBAF}.Debug|x86.Build.0 = Debug|x86
		{C360BF1F-B2A2-4E01-9290-F292DFE0BBAF}.Debug|x86.Deploy.0 = Debug|x86
		{C360BF1F-B2A2-4E01-9290-F292DFE0BBAF}.Release|Any CPU.ActiveCfg = Release|Any CPU
		{C360BF1F-B2A2-4E01-9290-F292DFE0BBAF}.Release|Any CPU.Build.0 = Release|Any CPU
		{C360BF1F-B2A2-4E01-9290-F292DFE0BBAF}.Release|Any CPU.Deploy.0 = Release|Any CPU
		{C360BF1F-B2A2-4E01-9290-F292DFE0BBAF}.Release|ARM.ActiveCfg = Release|ARM
		{C360BF1F-B2A2-4E01-9290-F292DFE0BBAF}.Release|ARM.Build.0 = Release|ARM
		{C360BF1F-B2A2-4E01-9290-F292DFE0BBAF}.Release|ARM.Deploy.0 = Release|ARM
		{C360BF1F-B2A2-4E01-9290-F292DFE0BBAF}.Release|Mixed Platforms.ActiveCfg = Release|x86
		{C360BF1F-B2A2-4E01-9290-F292DFE0BBAF}.Release|Mixed Platforms.Build.0 = Release|x86
		{C360BF1F-B2A2-4E01-9290-F292DFE0BBAF}.Release|Mixed Platforms.Deploy.0 = Release|x86
		{C360BF1F-B2A2-4E01-9290-F292DFE0BBAF}.Release|Win32.ActiveCfg = Release|x86
		{C360BF1F-B2A2-4E01-9290-F292DFE0BBAF}.Release|Win32.Build.0 = Release|x86
		{C360BF1F-B2A2-4E01-9290-F292DFE0BBAF}.Release|Win32.Deploy.0 = Release|x86
		{C360BF1F-B2A2-4E01-9290-F292DFE0BBAF}.Release|x86.ActiveCfg = Release|x86
		{C360BF1F-B2A2-4E01-9290-F292DFE0BBAF}.Release|x86.Build.0 = Release|x86
		{C360BF1F-B2A2-4E01-9290-F292DFE0BBAF}.Release|x86.Deploy.0 = Release|x86
		{88769E83-3371-41DA-B3A9-696BDF6DF2CB}.Debug|Any CPU.ActiveCfg = Debug|Win32
		{88769E83-3371-41DA-B3A9-696BDF6DF2CB}.Debug|ARM.ActiveCfg = Debug|ARM
		{88769E83-3371-41DA-B3A9-696BDF6DF2CB}.Debug|ARM.Build.0 = Debug|ARM
		{88769E83-3371-41DA-B3A9-696BDF6DF2CB}.Debug|Mixed Platforms.ActiveCfg = Debug|Win32
		{88769E83-3371-41DA-B3A9-696BDF6DF2CB}.Debug|Mixed Platforms.Build.0 = Debug|Win32
		{88769E83-3371-41DA-B3A9-696BDF6DF2CB}.Debug|Win32.ActiveCfg = Debug|Win32
		{88769E83-3371-41DA-B3A9-696BDF6DF2CB}.Debug|Win32.Build.0 = Debug|Win32
		{88769E83-3371-41DA-B3A9-696BDF6DF2CB}.Debug|x86.ActiveCfg = Debug|Win32
		{88769E83-3371-41DA-B3A9-696BDF6DF2CB}.Debug|x86.Build.0 = Debug|Win32
		{88769E83-3371-41DA-B3A9-696BDF6DF2CB}.Release|Any CPU.ActiveCfg = Release|Win32
		{88769E83-3371-41DA-B3A9-696BDF6DF2CB}.Release|ARM.ActiveCfg = Release|ARM
		{88769E83-3371-41DA-B3A9-696BDF6DF2CB}.Release|ARM.Build.0 = Release|ARM
		{88769E83-3371-41DA-B3A9-696BDF6DF2CB}.Release|Mixed Platforms.ActiveCfg = Release|Win32
		{88769E83-3371-41DA-B3A9-696BDF6DF2CB}.Release|Mixed Platforms.Build.0 = Release|Win32
		{88769E83-3371-41DA-B3A9-696BDF6DF2CB}.Release|Win32.ActiveCfg = Release|Win32
		{88769E83-3371-41DA-B3A9-696BDF6DF2CB}.Release|Win32.Build.0 = Release|Win32
		{88769E83-3371-41DA-B3A9-696BDF6DF2CB}.Release|x86.ActiveCfg = Release|Win32
		{88769E83-3371-41DA-B3A9-696BDF6DF2CB}.Release|x86.Build.0 = Release|Win32
	EndGlobalSection
	GlobalSection(SolutionProperties) = preSolution
		HideSolutionNode = FALSE
	EndGlobalSection
EndGlobal
